
Microsoft Visual Studio Solution File, Format Version 12.00
# Visual Studio 14
VisualStudioVersion = 14.0.25420.1
MinimumVisualStudioVersion = 10.0.40219.1
Project("{FAE04EC0-301F-11D3-BF4B-00C04F79EFBC}") = "WeatherApp.Droid", "WeatherApp\WeatherApp.Droid\WeatherApp.Droid.csproj", "{CDA79A18-BADB-4607-9597-52CD8C74B86C}"
EndProject
Project("{FAE04EC0-301F-11D3-BF4B-00C04F79EFBC}") = "WeatherApp.Windows", "WeatherApp\WeatherApp.Windows\WeatherApp.Windows.csproj", "{376F2239-4A6D-44B7-A47E-05A973C79565}"
EndProject
Project("{FAE04EC0-301F-11D3-BF4B-00C04F79EFBC}") = "WeatherApp", "WeatherApp\WeatherApp\WeatherApp.csproj", "{5550EE70-CD6F-4EAB-BACB-ECC9932DF16E}"
EndProject
Global
	GlobalSection(SolutionConfigurationPlatforms) = preSolution
		Ad-Hoc|Any CPU = Ad-Hoc|Any CPU
		Ad-Hoc|ARM = Ad-Hoc|ARM
		Ad-Hoc|iPhone = Ad-Hoc|iPhone
		Ad-Hoc|iPhoneSimulator = Ad-Hoc|iPhoneSimulator
		Ad-Hoc|x64 = Ad-Hoc|x64
		Ad-Hoc|x86 = Ad-Hoc|x86
		AppStore|Any CPU = AppStore|Any CPU
		AppStore|ARM = AppStore|ARM
		AppStore|iPhone = AppStore|iPhone
		AppStore|iPhoneSimulator = AppStore|iPhoneSimulator
		AppStore|x64 = AppStore|x64
		AppStore|x86 = AppStore|x86
		Debug|Any CPU = Debug|Any CPU
		Debug|ARM = Debug|ARM
		Debug|iPhone = Debug|iPhone
		Debug|iPhoneSimulator = Debug|iPhoneSimulator
		Debug|x64 = Debug|x64
		Debug|x86 = Debug|x86
		Release|Any CPU = Release|Any CPU
		Release|ARM = Release|ARM
		Release|iPhone = Release|iPhone
		Release|iPhoneSimulator = Release|iPhoneSimulator
		Release|x64 = Release|x64
		Release|x86 = Release|x86
	EndGlobalSection
	GlobalSection(ProjectConfigurationPlatforms) = postSolution
		{CDA79A18-BADB-4607-9597-52CD8C74B86C}.Ad-Hoc|Any CPU.ActiveCfg = Release|Any CPU
		{CDA79A18-BADB-4607-9597-52CD8C74B86C}.Ad-Hoc|Any CPU.Build.0 = Release|Any CPU
		{CDA79A18-BADB-4607-9597-52CD8C74B86C}.Ad-Hoc|Any CPU.Deploy.0 = Release|Any CPU
		{CDA79A18-BADB-4607-9597-52CD8C74B86C}.Ad-Hoc|ARM.ActiveCfg = Release|Any CPU
		{CDA79A18-BADB-4607-9597-52CD8C74B86C}.Ad-Hoc|ARM.Build.0 = Release|Any CPU
		{CDA79A18-BADB-4607-9597-52CD8C74B86C}.Ad-Hoc|ARM.Deploy.0 = Release|Any CPU
		{CDA79A18-BADB-4607-9597-52CD8C74B86C}.Ad-Hoc|iPhone.ActiveCfg = Release|Any CPU
		{CDA79A18-BADB-4607-9597-52CD8C74B86C}.Ad-Hoc|iPhone.Build.0 = Release|Any CPU
		{CDA79A18-BADB-4607-9597-52CD8C74B86C}.Ad-Hoc|iPhone.Deploy.0 = Release|Any CPU
		{CDA79A18-BADB-4607-9597-52CD8C74B86C}.Ad-Hoc|iPhoneSimulator.ActiveCfg = Release|Any CPU
		{CDA79A18-BADB-4607-9597-52CD8C74B86C}.Ad-Hoc|iPhoneSimulator.Build.0 = Release|Any CPU
		{CDA79A18-BADB-4607-9597-52CD8C74B86C}.Ad-Hoc|iPhoneSimulator.Deploy.0 = Release|Any CPU
		{CDA79A18-BADB-4607-9597-52CD8C74B86C}.Ad-Hoc|x64.ActiveCfg = Release|Any CPU
		{CDA79A18-BADB-4607-9597-52CD8C74B86C}.Ad-Hoc|x64.Build.0 = Release|Any CPU
		{CDA79A18-BADB-4607-9597-52CD8C74B86C}.Ad-Hoc|x64.Deploy.0 = Release|Any CPU
		{CDA79A18-BADB-4607-9597-52CD8C74B86C}.Ad-Hoc|x86.ActiveCfg = Release|Any CPU
		{CDA79A18-BADB-4607-9597-52CD8C74B86C}.Ad-Hoc|x86.Build.0 = Release|Any CPU
		{CDA79A18-BADB-4607-9597-52CD8C74B86C}.Ad-Hoc|x86.Deploy.0 = Release|Any CPU
		{CDA79A18-BADB-4607-9597-52CD8C74B86C}.AppStore|Any CPU.ActiveCfg = Release|Any CPU
		{CDA79A18-BADB-4607-9597-52CD8C74B86C}.AppStore|Any CPU.Build.0 = Release|Any CPU
		{CDA79A18-BADB-4607-9597-52CD8C74B86C}.AppStore|Any CPU.Deploy.0 = Release|Any CPU
		{CDA79A18-BADB-4607-9597-52CD8C74B86C}.AppStore|ARM.ActiveCfg = Release|Any CPU
		{CDA79A18-BADB-4607-9597-52CD8C74B86C}.AppStore|ARM.Build.0 = Release|Any CPU
		{CDA79A18-BADB-4607-9597-52CD8C74B86C}.AppStore|ARM.Deploy.0 = Release|Any CPU
		{CDA79A18-BADB-4607-9597-52CD8C74B86C}.AppStore|iPhone.ActiveCfg = Release|Any CPU
		{CDA79A18-BADB-4607-9597-52CD8C74B86C}.AppStore|iPhone.Build.0 = Release|Any CPU
		{CDA79A18-BADB-4607-9597-52CD8C74B86C}.AppStore|iPhone.Deploy.0 = Release|Any CPU
		{CDA79A18-BADB-4607-9597-52CD8C74B86C}.AppStore|iPhoneSimulator.ActiveCfg = Release|Any CPU
		{CDA79A18-BADB-4607-9597-52CD8C74B86C}.AppStore|iPhoneSimulator.Build.0 = Release|Any CPU
		{CDA79A18-BADB-4607-9597-52CD8C74B86C}.AppStore|iPhoneSimulator.Deploy.0 = Release|Any CPU
		{CDA79A18-BADB-4607-9597-52CD8C74B86C}.AppStore|x64.ActiveCfg = Release|Any CPU
		{CDA79A18-BADB-4607-9597-52CD8C74B86C}.AppStore|x64.Build.0 = Release|Any CPU
		{CDA79A18-BADB-4607-9597-52CD8C74B86C}.AppStore|x64.Deploy.0 = Release|Any CPU
		{CDA79A18-BADB-4607-9597-52CD8C74B86C}.AppStore|x86.ActiveCfg = Release|Any CPU
		{CDA79A18-BADB-4607-9597-52CD8C74B86C}.AppStore|x86.Build.0 = Release|Any CPU
		{CDA79A18-BADB-4607-9597-52CD8C74B86C}.AppStore|x86.Deploy.0 = Release|Any CPU
		{CDA79A18-BADB-4607-9597-52CD8C74B86C}.Debug|Any CPU.ActiveCfg = Debug|Any CPU
		{CDA79A18-BADB-4607-9597-52CD8C74B86C}.Debug|Any CPU.Build.0 = Debug|Any CPU
		{CDA79A18-BADB-4607-9597-52CD8C74B86C}.Debug|Any CPU.Deploy.0 = Debug|Any CPU
		{CDA79A18-BADB-4607-9597-52CD8C74B86C}.Debug|ARM.ActiveCfg = Debug|Any CPU
		{CDA79A18-BADB-4607-9597-52CD8C74B86C}.Debug|ARM.Build.0 = Debug|Any CPU
		{CDA79A18-BADB-4607-9597-52CD8C74B86C}.Debug|ARM.Deploy.0 = Debug|Any CPU
		{CDA79A18-BADB-4607-9597-52CD8C74B86C}.Debug|iPhone.ActiveCfg = Debug|Any CPU
		{CDA79A18-BADB-4607-9597-52CD8C74B86C}.Debug|iPhone.Build.0 = Debug|Any CPU
		{CDA79A18-BADB-4607-9597-52CD8C74B86C}.Debug|iPhone.Deploy.0 = Debug|Any CPU
		{CDA79A18-BADB-4607-9597-52CD8C74B86C}.Debug|iPhoneSimulator.ActiveCfg = Debug|Any CPU
		{CDA79A18-BADB-4607-9597-52CD8C74B86C}.Debug|iPhoneSimulator.Build.0 = Debug|Any CPU
		{CDA79A18-BADB-4607-9597-52CD8C74B86C}.Debug|iPhoneSimulator.Deploy.0 = Debug|Any CPU
		{CDA79A18-BADB-4607-9597-52CD8C74B86C}.Debug|x64.ActiveCfg = Debug|Any CPU
		{CDA79A18-BADB-4607-9597-52CD8C74B86C}.Debug|x64.Build.0 = Debug|Any CPU
		{CDA79A18-BADB-4607-9597-52CD8C74B86C}.Debug|x64.Deploy.0 = Debug|Any CPU
		{CDA79A18-BADB-4607-9597-52CD8C74B86C}.Debug|x86.ActiveCfg = Debug|Any CPU
		{CDA79A18-BADB-4607-9597-52CD8C74B86C}.Debug|x86.Build.0 = Debug|Any CPU
		{CDA79A18-BADB-4607-9597-52CD8C74B86C}.Debug|x86.Deploy.0 = Debug|Any CPU
		{CDA79A18-BADB-4607-9597-52CD8C74B86C}.Release|Any CPU.ActiveCfg = Release|Any CPU
		{CDA79A18-BADB-4607-9597-52CD8C74B86C}.Release|Any CPU.Build.0 = Release|Any CPU
		{CDA79A18-BADB-4607-9597-52CD8C74B86C}.Release|Any CPU.Deploy.0 = Release|Any CPU
		{CDA79A18-BADB-4607-9597-52CD8C74B86C}.Release|ARM.ActiveCfg = Release|Any CPU
		{CDA79A18-BADB-4607-9597-52CD8C74B86C}.Release|ARM.Build.0 = Release|Any CPU
		{CDA79A18-BADB-4607-9597-52CD8C74B86C}.Release|ARM.Deploy.0 = Release|Any CPU
		{CDA79A18-BADB-4607-9597-52CD8C74B86C}.Release|iPhone.ActiveCfg = Release|Any CPU
		{CDA79A18-BADB-4607-9597-52CD8C74B86C}.Release|iPhone.Build.0 = Release|Any CPU
		{CDA79A18-BADB-4607-9597-52CD8C74B86C}.Release|iPhone.Deploy.0 = Release|Any CPU
		{CDA79A18-BADB-4607-9597-52CD8C74B86C}.Release|iPhoneSimulator.ActiveCfg = Release|Any CPU
		{CDA79A18-BADB-4607-9597-52CD8C74B86C}.Release|iPhoneSimulator.Build.0 = Release|Any CPU
		{CDA79A18-BADB-4607-9597-52CD8C74B86C}.Release|iPhoneSimulator.Deploy.0 = Release|Any CPU
		{CDA79A18-BADB-4607-9597-52CD8C74B86C}.Release|x64.ActiveCfg = Release|Any CPU
		{CDA79A18-BADB-4607-9597-52CD8C74B86C}.Release|x64.Build.0 = Release|Any CPU
		{CDA79A18-BADB-4607-9597-52CD8C74B86C}.Release|x64.Deploy.0 = Release|Any CPU
		{CDA79A18-BADB-4607-9597-52CD8C74B86C}.Release|x86.ActiveCfg = Release|Any CPU
		{CDA79A18-BADB-4607-9597-52CD8C74B86C}.Release|x86.Build.0 = Release|Any CPU
		{CDA79A18-BADB-4607-9597-52CD8C74B86C}.Release|x86.Deploy.0 = Release|Any CPU
		{376F2239-4A6D-44B7-A47E-05A973C79565}.Ad-Hoc|Any CPU.ActiveCfg = Release|Any CPU
		{376F2239-4A6D-44B7-A47E-05A973C79565}.Ad-Hoc|Any CPU.Build.0 = Release|Any CPU
		{376F2239-4A6D-44B7-A47E-05A973C79565}.Ad-Hoc|Any CPU.Deploy.0 = Release|Any CPU
		{376F2239-4A6D-44B7-A47E-05A973C79565}.Ad-Hoc|ARM.ActiveCfg = Release|ARM
		{376F2239-4A6D-44B7-A47E-05A973C79565}.Ad-Hoc|ARM.Build.0 = Release|ARM
		{376F2239-4A6D-44B7-A47E-05A973C79565}.Ad-Hoc|ARM.Deploy.0 = Release|ARM
		{376F2239-4A6D-44B7-A47E-05A973C79565}.Ad-Hoc|iPhone.ActiveCfg = Release|Any CPU
		{376F2239-4A6D-44B7-A47E-05A973C79565}.Ad-Hoc|iPhone.Build.0 = Release|Any CPU
		{376F2239-4A6D-44B7-A47E-05A973C79565}.Ad-Hoc|iPhone.Deploy.0 = Release|Any CPU
		{376F2239-4A6D-44B7-A47E-05A973C79565}.Ad-Hoc|iPhoneSimulator.ActiveCfg = Release|Any CPU
		{376F2239-4A6D-44B7-A47E-05A973C79565}.Ad-Hoc|iPhoneSimulator.Build.0 = Release|Any CPU
		{376F2239-4A6D-44B7-A47E-05A973C79565}.Ad-Hoc|iPhoneSimulator.Deploy.0 = Release|Any CPU
		{376F2239-4A6D-44B7-A47E-05A973C79565}.Ad-Hoc|x64.ActiveCfg = Release|x64
		{376F2239-4A6D-44B7-A47E-05A973C79565}.Ad-Hoc|x64.Build.0 = Release|x64
		{376F2239-4A6D-44B7-A47E-05A973C79565}.Ad-Hoc|x64.Deploy.0 = Release|x64
		{376F2239-4A6D-44B7-A47E-05A973C79565}.Ad-Hoc|x86.ActiveCfg = Release|x86
		{376F2239-4A6D-44B7-A47E-05A973C79565}.Ad-Hoc|x86.Build.0 = Release|x86
		{376F2239-4A6D-44B7-A47E-05A973C79565}.Ad-Hoc|x86.Deploy.0 = Release|x86
		{376F2239-4A6D-44B7-A47E-05A973C79565}.AppStore|Any CPU.ActiveCfg = Release|Any CPU
		{376F2239-4A6D-44B7-A47E-05A973C79565}.AppStore|Any CPU.Build.0 = Release|Any CPU
		{376F2239-4A6D-44B7-A47E-05A973C79565}.AppStore|Any CPU.Deploy.0 = Release|Any CPU
		{376F2239-4A6D-44B7-A47E-05A973C79565}.AppStore|ARM.ActiveCfg = Release|ARM
		{376F2239-4A6D-44B7-A47E-05A973C79565}.AppStore|ARM.Build.0 = Release|ARM
		{376F2239-4A6D-44B7-A47E-05A973C79565}.AppStore|ARM.Deploy.0 = Release|ARM
		{376F2239-4A6D-44B7-A47E-05A973C79565}.AppStore|iPhone.ActiveCfg = Release|Any CPU
		{376F2239-4A6D-44B7-A47E-05A973C79565}.AppStore|iPhone.Build.0 = Release|Any CPU
		{376F2239-4A6D-44B7-A47E-05A973C79565}.AppStore|iPhone.Deploy.0 = Release|Any CPU
		{376F2239-4A6D-44B7-A47E-05A973C79565}.AppStore|iPhoneSimulator.ActiveCfg = Release|Any CPU
		{376F2239-4A6D-44B7-A47E-05A973C79565}.AppStore|iPhoneSimulator.Build.0 = Release|Any CPU
		{376F2239-4A6D-44B7-A47E-05A973C79565}.AppStore|iPhoneSimulator.Deploy.0 = Release|Any CPU
		{376F2239-4A6D-44B7-A47E-05A973C79565}.AppStore|x64.ActiveCfg = Release|x64
		{376F2239-4A6D-44B7-A47E-05A973C79565}.AppStore|x64.Build.0 = Release|x64
		{376F2239-4A6D-44B7-A47E-05A973C79565}.AppStore|x64.Deploy.0 = Release|x64
		{376F2239-4A6D-44B7-A47E-05A973C79565}.AppStore|x86.ActiveCfg = Release|x86
		{376F2239-4A6D-44B7-A47E-05A973C79565}.AppStore|x86.Build.0 = Release|x86
		{376F2239-4A6D-44B7-A47E-05A973C79565}.AppStore|x86.Deploy.0 = Release|x86
		{376F2239-4A6D-44B7-A47E-05A973C79565}.Debug|Any CPU.ActiveCfg = Debug|Any CPU
		{376F2239-4A6D-44B7-A47E-05A973C79565}.Debug|Any CPU.Build.0 = Debug|Any CPU
		{376F2239-4A6D-44B7-A47E-05A973C79565}.Debug|Any CPU.Deploy.0 = Debug|Any CPU
		{376F2239-4A6D-44B7-A47E-05A973C79565}.Debug|ARM.ActiveCfg = Debug|ARM
		{376F2239-4A6D-44B7-A47E-05A973C79565}.Debug|ARM.Build.0 = Debug|ARM
		{376F2239-4A6D-44B7-A47E-05A973C79565}.Debug|ARM.Deploy.0 = Debug|ARM
		{376F2239-4A6D-44B7-A47E-05A973C79565}.Debug|iPhone.ActiveCfg = Debug|Any CPU
		{376F2239-4A6D-44B7-A47E-05A973C79565}.Debug|iPhone.Build.0 = Debug|Any CPU
		{376F2239-4A6D-44B7-A47E-05A973C79565}.Debug|iPhone.Deploy.0 = Debug|Any CPU
		{376F2239-4A6D-44B7-A47E-05A973C79565}.Debug|iPhoneSimulator.ActiveCfg = Debug|Any CPU
		{376F2239-4A6D-44B7-A47E-05A973C79565}.Debug|iPhoneSimulator.Build.0 = Debug|Any CPU
		{376F2239-4A6D-44B7-A47E-05A973C79565}.Debug|iPhoneSimulator.Deploy.0 = Debug|Any CPU
		{376F2239-4A6D-44B7-A47E-05A973C79565}.Debug|x64.ActiveCfg = Debug|x64
		{376F2239-4A6D-44B7-A47E-05A973C79565}.Debug|x64.Build.0 = Debug|x64
		{376F2239-4A6D-44B7-A47E-05A973C79565}.Debug|x64.Deploy.0 = Debug|x64
		{376F2239-4A6D-44B7-A47E-05A973C79565}.Debug|x86.ActiveCfg = Debug|x86
		{376F2239-4A6D-44B7-A47E-05A973C79565}.Debug|x86.Build.0 = Debug|x86
		{376F2239-4A6D-44B7-A47E-05A973C79565}.Debug|x86.Deploy.0 = Debug|x86
		{376F2239-4A6D-44B7-A47E-05A973C79565}.Release|Any CPU.ActiveCfg = Release|Any CPU
		{376F2239-4A6D-44B7-A47E-05A973C79565}.Release|Any CPU.Build.0 = Release|Any CPU
		{376F2239-4A6D-44B7-A47E-05A973C79565}.Release|Any CPU.Deploy.0 = Release|Any CPU
		{376F2239-4A6D-44B7-A47E-05A973C79565}.Release|ARM.ActiveCfg = Release|ARM
		{376F2239-4A6D-44B7-A47E-05A973C79565}.Release|ARM.Build.0 = Release|ARM
		{376F2239-4A6D-44B7-A47E-05A973C79565}.Release|ARM.Deploy.0 = Release|ARM
		{376F2239-4A6D-44B7-A47E-05A973C79565}.Release|iPhone.ActiveCfg = Release|Any CPU
		{376F2239-4A6D-44B7-A47E-05A973C79565}.Release|iPhone.Build.0 = Release|Any CPU
		{376F2239-4A6D-44B7-A47E-05A973C79565}.Release|iPhone.Deploy.0 = Release|Any CPU
		{376F2239-4A6D-44B7-A47E-05A973C79565}.Release|iPhoneSimulator.ActiveCfg = Release|Any CPU
		{376F2239-4A6D-44B7-A47E-05A973C79565}.Release|iPhoneSimulator.Build.0 = Release|Any CPU
		{376F2239-4A6D-44B7-A47E-05A973C79565}.Release|iPhoneSimulator.Deploy.0 = Release|Any CPU
		{376F2239-4A6D-44B7-A47E-05A973C79565}.Release|x64.ActiveCfg = Release|x64
		{376F2239-4A6D-44B7-A47E-05A973C79565}.Release|x64.Build.0 = Release|x64
		{376F2239-4A6D-44B7-A47E-05A973C79565}.Release|x64.Deploy.0 = Release|x64
		{376F2239-4A6D-44B7-A47E-05A973C79565}.Release|x86.ActiveCfg = Release|x86
		{376F2239-4A6D-44B7-A47E-05A973C79565}.Release|x86.Build.0 = Release|x86
		{376F2239-4A6D-44B7-A47E-05A973C79565}.Release|x86.Deploy.0 = Release|x86
		{5550EE70-CD6F-4EAB-BACB-ECC9932DF16E}.Ad-Hoc|Any CPU.ActiveCfg = Release|Any CPU
		{5550EE70-CD6F-4EAB-BACB-ECC9932DF16E}.Ad-Hoc|Any CPU.Build.0 = Release|Any CPU
		{5550EE70-CD6F-4EAB-BACB-ECC9932DF16E}.Ad-Hoc|ARM.ActiveCfg = Release|Any CPU
		{5550EE70-CD6F-4EAB-BACB-ECC9932DF16E}.Ad-Hoc|ARM.Build.0 = Release|Any CPU
		{5550EE70-CD6F-4EAB-BACB-ECC9932DF16E}.Ad-Hoc|iPhone.ActiveCfg = Release|Any CPU
		{5550EE70-CD6F-4EAB-BACB-ECC9932DF16E}.Ad-Hoc|iPhone.Build.0 = Release|Any CPU
		{5550EE70-CD6F-4EAB-BACB-ECC9932DF16E}.Ad-Hoc|iPhoneSimulator.ActiveCfg = Release|Any CPU
		{5550EE70-CD6F-4EAB-BACB-ECC9932DF16E}.Ad-Hoc|iPhoneSimulator.Build.0 = Release|Any CPU
		{5550EE70-CD6F-4EAB-BACB-ECC9932DF16E}.Ad-Hoc|x64.ActiveCfg = Release|Any CPU
		{5550EE70-CD6F-4EAB-BACB-ECC9932DF16E}.Ad-Hoc|x64.Build.0 = Release|Any CPU
		{5550EE70-CD6F-4EAB-BACB-ECC9932DF16E}.Ad-Hoc|x86.ActiveCfg = Release|Any CPU
		{5550EE70-CD6F-4EAB-BACB-ECC9932DF16E}.Ad-Hoc|x86.Build.0 = Release|Any CPU
		{5550EE70-CD6F-4EAB-BACB-ECC9932DF16E}.AppStore|Any CPU.ActiveCfg = Release|Any CPU
		{5550EE70-CD6F-4EAB-BACB-ECC9932DF16E}.AppStore|Any CPU.Build.0 = Release|Any CPU
		{5550EE70-CD6F-4EAB-BACB-ECC9932DF16E}.AppStore|ARM.ActiveCfg = Release|Any CPU
		{5550EE70-CD6F-4EAB-BACB-ECC9932DF16E}.AppStore|ARM.Build.0 = Release|Any CPU
		{5550EE70-CD6F-4EAB-BACB-ECC9932DF16E}.AppStore|iPhone.ActiveCfg = Release|Any CPU
		{5550EE70-CD6F-4EAB-BACB-ECC9932DF16E}.AppStore|iPhone.Build.0 = Release|Any CPU
		{5550EE70-CD6F-4EAB-BACB-ECC9932DF16E}.AppStore|iPhoneSimulator.ActiveCfg = Release|Any CPU
		{5550EE70-CD6F-4EAB-BACB-ECC9932DF16E}.AppStore|iPhoneSimulator.Build.0 = Release|Any CPU
		{5550EE70-CD6F-4EAB-BACB-ECC9932DF16E}.AppStore|x64.ActiveCfg = Release|Any CPU
		{5550EE70-CD6F-4EAB-BACB-ECC9932DF16E}.AppStore|x64.Build.0 = Release|Any CPU
		{5550EE70-CD6F-4EAB-BACB-ECC9932DF16E}.AppStore|x86.ActiveCfg = Release|Any CPU
		{5550EE70-CD6F-4EAB-BACB-ECC9932DF16E}.AppStore|x86.Build.0 = Release|Any CPU
		{5550EE70-CD6F-4EAB-BACB-ECC9932DF16E}.Debug|Any CPU.ActiveCfg = Debug|Any CPU
		{5550EE70-CD6F-4EAB-BACB-ECC9932DF16E}.Debug|Any CPU.Build.0 = Debug|Any CPU
		{5550EE70-CD6F-4EAB-BACB-ECC9932DF16E}.Debug|ARM.ActiveCfg = Debug|Any CPU
		{5550EE70-CD6F-4EAB-BACB-ECC9932DF16E}.Debug|ARM.Build.0 = Debug|Any CPU
		{5550EE70-CD6F-4EAB-BACB-ECC9932DF16E}.Debug|iPhone.ActiveCfg = Debug|Any CPU
		{5550EE70-CD6F-4EAB-BACB-ECC9932DF16E}.Debug|iPhone.Build.0 = Debug|Any CPU
		{5550EE70-CD6F-4EAB-BACB-ECC9932DF16E}.Debug|iPhoneSimulator.ActiveCfg = Debug|Any CPU
		{5550EE70-CD6F-4EAB-BACB-ECC9932DF16E}.Debug|iPhoneSimulator.Build.0 = Debug|Any CPU
		{5550EE70-CD6F-4EAB-BACB-ECC9932DF16E}.Debug|x64.ActiveCfg = Debug|Any CPU
		{5550EE70-CD6F-4EAB-BACB-ECC9932DF16E}.Debug|x64.Build.0 = Debug|Any CPU
		{5550EE70-CD6F-4EAB-BACB-ECC9932DF16E}.Debug|x86.ActiveCfg = Debug|Any CPU
		{5550EE70-CD6F-4EAB-BACB-ECC9932DF16E}.Debug|x86.Build.0 = Debug|Any CPU
		{5550EE70-CD6F-4EAB-BACB-ECC9932DF16E}.Release|Any CPU.ActiveCfg = Release|Any CPU
		{5550EE70-CD6F-4EAB-BACB-ECC9932DF16E}.Release|Any CPU.Build.0 = Release|Any CPU
		{5550EE70-CD6F-4EAB-BACB-ECC9932DF16E}.Release|ARM.ActiveCfg = Release|Any CPU
		{5550EE70-CD6F-4EAB-BACB-ECC9932DF16E}.Release|ARM.Build.0 = Release|Any CPU
		{5550EE70-CD6F-4EAB-BACB-ECC9932DF16E}.Release|iPhone.ActiveCfg = Release|Any CPU
		{5550EE70-CD6F-4EAB-BACB-ECC9932DF16E}.Release|iPhone.Build.0 = Release|Any CPU
		{5550EE70-CD6F-4EAB-BACB-ECC9932DF16E}.Release|iPhoneSimulator.ActiveCfg = Release|Any CPU
		{5550EE70-CD6F-4EAB-BACB-ECC9932DF16E}.Release|iPhoneSimulator.Build.0 = Release|Any CPU
		{5550EE70-CD6F-4EAB-BACB-ECC9932DF16E}.Release|x64.ActiveCfg = Release|Any CPU
		{5550EE70-CD6F-4EAB-BACB-ECC9932DF16E}.Release|x64.Build.0 = Release|Any CPU
		{5550EE70-CD6F-4EAB-BACB-ECC9932DF16E}.Release|x86.ActiveCfg = Release|Any CPU
		{5550EE70-CD6F-4EAB-BACB-ECC9932DF16E}.Release|x86.Build.0 = Release|Any CPU
	EndGlobalSection
	GlobalSection(SolutionProperties) = preSolution
		HideSolutionNode = FALSE
	EndGlobalSection
EndGlobal
